// !$*UTF8*$!
{
	archiveVersion = 1;
	classes = {
	};
	objectVersion = 46;
	objects = {

/* Begin PBXBuildFile section */
		717D76F01CE4B57F00D6BDF1 /* AppDelegate.swift in Sources */ = {isa = PBXBuildFile; fileRef = 717D76EF1CE4B57F00D6BDF1 /* AppDelegate.swift */; };
		717D76F21CE4B57F00D6BDF1 /* ViewController.swift in Sources */ = {isa = PBXBuildFile; fileRef = 717D76F11CE4B57F00D6BDF1 /* ViewController.swift */; };
		717D76F51CE4B57F00D6BDF1 /* Main.storyboard in Resources */ = {isa = PBXBuildFile; fileRef = 717D76F31CE4B57F00D6BDF1 /* Main.storyboard */; };
		717D76F81CE4B57F00D6BDF1 /* Block_Buster.xcdatamodeld in Sources */ = {isa = PBXBuildFile; fileRef = 717D76F61CE4B57F00D6BDF1 /* Block_Buster.xcdatamodeld */; };
		717D76FA1CE4B57F00D6BDF1 /* Assets.xcassets in Resources */ = {isa = PBXBuildFile; fileRef = 717D76F91CE4B57F00D6BDF1 /* Assets.xcassets */; };
		717D76FD1CE4B57F00D6BDF1 /* LaunchScreen.storyboard in Resources */ = {isa = PBXBuildFile; fileRef = 717D76FB1CE4B57F00D6BDF1 /* LaunchScreen.storyboard */; };
		717D77081CE4B57F00D6BDF1 /* Block_BusterTests.swift in Sources */ = {isa = PBXBuildFile; fileRef = 717D77071CE4B57F00D6BDF1 /* Block_BusterTests.swift */; };
		717D77131CE4B57F00D6BDF1 /* Block_BusterUITests.swift in Sources */ = {isa = PBXBuildFile; fileRef = 717D77121CE4B57F00D6BDF1 /* Block_BusterUITests.swift */; };
/* End PBXBuildFile section */

/* Begin PBXContainerItemProxy section */
		717D77041CE4B57F00D6BDF1 /* PBXContainerItemProxy */ = {
			isa = PBXContainerItemProxy;
			containerPortal = 717D76E41CE4B57F00D6BDF1 /* Project object */;
			proxyType = 1;
			remoteGlobalIDString = 717D76EB1CE4B57F00D6BDF1;
			remoteInfo = "Block Buster";
		};
		717D770F1CE4B57F00D6BDF1 /* PBXContainerItemProxy */ = {
			isa = PBXContainerItemProxy;
			containerPortal = 717D76E41CE4B57F00D6BDF1 /* Project object */;
			proxyType = 1;
			remoteGlobalIDString = 717D76EB1CE4B57F00D6BDF1;
			remoteInfo = "Block Buster";
		};
/* End PBXContainerItemProxy section */

/* Begin PBXFileReference section */
		717D76EC1CE4B57F00D6BDF1 /* Block Buster.app */ = {isa = PBXFileReference; explicitFileType = wrapper.application; includeInIndex = 0; path = "Block Buster.app"; sourceTree = BUILT_PRODUCTS_DIR; };
		717D76EF1CE4B57F00D6BDF1 /* AppDelegate.swift */ = {isa = PBXFileReference; lastKnownFileType = sourcecode.swift; path = AppDelegate.swift; sourceTree = "<group>"; };
		717D76F11CE4B57F00D6BDF1 /* ViewController.swift */ = {isa = PBXFileReference; lastKnownFileType = sourcecode.swift; path = ViewController.swift; sourceTree = "<group>"; };
		717D76F41CE4B57F00D6BDF1 /* Base */ = {isa = PBXFileReference; lastKnownFileType = file.storyboard; name = Base; path = Base.lproj/Main.storyboard; sourceTree = "<group>"; };
		717D76F71CE4B57F00D6BDF1 /* Block_Buster.xcdatamodel */ = {isa = PBXFileReference; lastKnownFileType = wrapper.xcdatamodel; path = Block_Buster.xcdatamodel; sourceTree = "<group>"; };
		717D76F91CE4B57F00D6BDF1 /* Assets.xcassets */ = {isa = PBXFileReference; lastKnownFileType = folder.assetcatalog; path = Assets.xcassets; sourceTree = "<group>"; };
		717D76FC1CE4B57F00D6BDF1 /* Base */ = {isa = PBXFileReference; lastKnownFileType = file.storyboard; name = Base; path = Base.lproj/LaunchScreen.storyboard; sourceTree = "<group>"; };
		717D76FE1CE4B57F00D6BDF1 /* Info.plist */ = {isa = PBXFileReference; lastKnownFileType = text.plist.xml; path = Info.plist; sourceTree = "<group>"; };
		717D77031CE4B57F00D6BDF1 /* Block BusterTests.xctest */ = {isa = PBXFileReference; explicitFileType = wrapper.cfbundle; includeInIndex = 0; path = "Block BusterTests.xctest"; sourceTree = BUILT_PRODUCTS_DIR; };
		717D77071CE4B57F00D6BDF1 /* Block_BusterTests.swift */ = {isa = PBXFileReference; lastKnownFileType = sourcecode.swift; path = Block_BusterTests.swift; sourceTree = "<group>"; };
		717D77091CE4B57F00D6BDF1 /* Info.plist */ = {isa = PBXFileReference; lastKnownFileType = text.plist.xml; path = Info.plist; sourceTree = "<group>"; };
		717D770E1CE4B57F00D6BDF1 /* Block BusterUITests.xctest */ = {isa = PBXFileReference; explicitFileType = wrapper.cfbundle; includeInIndex = 0; path = "Block BusterUITests.xctest"; sourceTree = BUILT_PRODUCTS_DIR; };
		717D77121CE4B57F00D6BDF1 /* Block_BusterUITests.swift */ = {isa = PBXFileReference; lastKnownFileType = sourcecode.swift; path = Block_BusterUITests.swift; sourceTree = "<group>"; };
		717D77141CE4B57F00D6BDF1 /* Info.plist */ = {isa = PBXFileReference; lastKnownFileType = text.plist.xml; path = Info.plist; sourceTree = "<group>"; };
/* End PBXFileReference section */

/* Begin PBXFrameworksBuildPhase section */
		717D76E91CE4B57F00D6BDF1 /* Frameworks */ = {
			isa = PBXFrameworksBuildPhase;
			buildActionMask = 2147483647;
			files = (
			);
			runOnlyForDeploymentPostprocessing = 0;
		};
		717D77001CE4B57F00D6BDF1 /* Frameworks */ = {
			isa = PBXFrameworksBuildPhase;
			buildActionMask = 2147483647;
			files = (
			);
			runOnlyForDeploymentPostprocessing = 0;
		};
		717D770B1CE4B57F00D6BDF1 /* Frameworks */ = {
			isa = PBXFrameworksBuildPhase;
			buildActionMask = 2147483647;
			files = (
			);
			runOnlyForDeploymentPostprocessing = 0;
		};
/* End PBXFrameworksBuildPhase section */

/* Begin PBXGroup section */
		717D76E31CE4B57F00D6BDF1 = {
			isa = PBXGroup;
			children = (
				717D76EE1CE4B57F00D6BDF1 /* Block Buster */,
				717D77061CE4B57F00D6BDF1 /* Block BusterTests */,
				717D77111CE4B57F00D6BDF1 /* Block BusterUITests */,
				717D76ED1CE4B57F00D6BDF1 /* Products */,
			);
			sourceTree = "<group>";
		};
		717D76ED1CE4B57F00D6BDF1 /* Products */ = {
			isa = PBXGroup;
			children = (
				717D76EC1CE4B57F00D6BDF1 /* Block Buster.app */,
				717D77031CE4B57F00D6BDF1 /* Block BusterTests.xctest */,
				717D770E1CE4B57F00D6BDF1 /* Block BusterUITests.xctest */,
			);
			name = Products;
			sourceTree = "<group>";
		};
		717D76EE1CE4B57F00D6BDF1 /* Block Buster */ = {
			isa = PBXGroup;
			children = (
				717D76EF1CE4B57F00D6BDF1 /* AppDelegate.swift */,
				717D76F11CE4B57F00D6BDF1 /* ViewController.swift */,
				717D76F31CE4B57F00D6BDF1 /* Main.storyboard */,
				717D76F91CE4B57F00D6BDF1 /* Assets.xcassets */,
				717D76FB1CE4B57F00D6BDF1 /* LaunchScreen.storyboard */,
				717D76FE1CE4B57F00D6BDF1 /* Info.plist */,
				717D76F61CE4B57F00D6BDF1 /* Block_Buster.xcdatamodeld */,
			);
			path = "Block Buster";
			sourceTree = "<group>";
		};
		717D77061CE4B57F00D6BDF1 /* Block BusterTests */ = {
			isa = PBXGroup;
			children = (
				717D77071CE4B57F00D6BDF1 /* Block_BusterTests.swift */,
				717D77091CE4B57F00D6BDF1 /* Info.plist */,
			);
			path = "Block BusterTests";
			sourceTree = "<group>";
		};
		717D77111CE4B57F00D6BDF1 /* Block BusterUITests */ = {
			isa = PBXGroup;
			children = (
				717D77121CE4B57F00D6BDF1 /* Block_BusterUITests.swift */,
				717D77141CE4B57F00D6BDF1 /* Info.plist */,
			);
			path = "Block BusterUITests";
			sourceTree = "<group>";
		};
/* End PBXGroup section */

/* Begin PBXNativeTarget section */
		717D76EB1CE4B57F00D6BDF1 /* Block Buster */ = {
			isa = PBXNativeTarget;
			buildConfigurationList = 717D77171CE4B57F00D6BDF1 /* Build configuration list for PBXNativeTarget "Block Buster" */;
			buildPhases = (
				717D76E81CE4B57F00D6BDF1 /* Sources */,
				717D76E91CE4B57F00D6BDF1 /* Frameworks */,
				717D76EA1CE4B57F00D6BDF1 /* Resources */,
			);
			buildRules = (
			);
			dependencies = (
			);
			name = "Block Buster";
			productName = "Block Buster";
			productReference = 717D76EC1CE4B57F00D6BDF1 /* Block Buster.app */;
			productType = "com.apple.product-type.application";
		};
		717D77021CE4B57F00D6BDF1 /* Block BusterTests */ = {
			isa = PBXNativeTarget;
			buildConfigurationList = 717D771A1CE4B57F00D6BDF1 /* Build configuration list for PBXNativeTarget "Block BusterTests" */;
			buildPhases = (
				717D76FF1CE4B57F00D6BDF1 /* Sources */,
				717D77001CE4B57F00D6BDF1 /* Frameworks */,
				717D77011CE4B57F00D6BDF1 /* Resources */,
			);
			buildRules = (
			);
			dependencies = (
				717D77051CE4B57F00D6BDF1 /* PBXTargetDependency */,
			);
			name = "Block BusterTests";
			productName = "Block BusterTests";
			productReference = 717D77031CE4B57F00D6BDF1 /* Block BusterTests.xctest */;
			productType = "com.apple.product-type.bundle.unit-test";
		};
		717D770D1CE4B57F00D6BDF1 /* Block BusterUITests */ = {
			isa = PBXNativeTarget;
			buildConfigurationList = 717D771D1CE4B57F00D6BDF1 /* Build configuration list for PBXNativeTarget "Block BusterUITests" */;
			buildPhases = (
				717D770A1CE4B57F00D6BDF1 /* Sources */,
				717D770B1CE4B57F00D6BDF1 /* Frameworks */,
				717D770C1CE4B57F00D6BDF1 /* Resources */,
			);
			buildRules = (
			);
			dependencies = (
				717D77101CE4B57F00D6BDF1 /* PBXTargetDependency */,
			);
			name = "Block BusterUITests";
			productName = "Block BusterUITests";
			productReference = 717D770E1CE4B57F00D6BDF1 /* Block BusterUITests.xctest */;
			productType = "com.apple.product-type.bundle.ui-testing";
		};
/* End PBXNativeTarget section */

/* Begin PBXProject section */
		717D76E41CE4B57F00D6BDF1 /* Project object */ = {
			isa = PBXProject;
			attributes = {
				LastSwiftUpdateCheck = 0730;
				LastUpgradeCheck = 0730;
				ORGANIZATIONNAME = "Thomas Shealy";
				TargetAttributes = {
					717D76EB1CE4B57F00D6BDF1 = {
						CreatedOnToolsVersion = 7.3.1;
					};
					717D77021CE4B57F00D6BDF1 = {
						CreatedOnToolsVersion = 7.3.1;
						TestTargetID = 717D76EB1CE4B57F00D6BDF1;
					};
					717D770D1CE4B57F00D6BDF1 = {
						CreatedOnToolsVersion = 7.3.1;
						TestTargetID = 717D76EB1CE4B57F00D6BDF1;
					};
				};
			};
			buildConfigurationList = 717D76E71CE4B57F00D6BDF1 /* Build configuration list for PBXProject "Block Buster" */;
			compatibilityVersion = "Xcode 3.2";
			developmentRegion = English;
			hasScannedForEncodings = 0;
			knownRegions = (
				en,
				Base,
			);
			mainGroup = 717D76E31CE4B57F00D6BDF1;
			productRefGroup = 717D76ED1CE4B57F00D6BDF1 /* Products */;
			projectDirPath = "";
			projectRoot = "";
			targets = (
				717D76EB1CE4B57F00D6BDF1 /* Block Buster */,
				717D77021CE4B57F00D6BDF1 /* Block BusterTests */,
				717D770D1CE4B57F00D6BDF1 /* Block BusterUITests */,
			);
		};
/* End PBXProject section */

/* Begin PBXResourcesBuildPhase section */
		717D76EA1CE4B57F00D6BDF1 /* Resources */ = {
			isa = PBXResourcesBuildPhase;
			buildActionMask = 2147483647;
			files = (
				717D76FD1CE4B57F00D6BDF1 /* LaunchScreen.storyboard in Resources */,
				717D76FA1CE4B57F00D6BDF1 /* Assets.xcassets in Resources */,
				717D76F51CE4B57F00D6BDF1 /* Main.storyboard in Resources */,
			);
			runOnlyForDeploymentPostprocessing = 0;
		};
		717D77011CE4B57F00D6BDF1 /* Resources */ = {
			isa = PBXResourcesBuildPhase;
			buildActionMask = 2147483647;
			files = (
			);
			runOnlyForDeploymentPostprocessing = 0;
		};
		717D770C1CE4B57F00D6BDF1 /* Resources */ = {
			isa = PBXResourcesBuildPhase;
			buildActionMask = 2147483647;
			files = (
			);
			runOnlyForDeploymentPostprocessing = 0;
		};
/* End PBXResourcesBuildPhase section */

/* Begin PBXSourcesBuildPhase section */
		717D76E81CE4B57F00D6BDF1 /* Sources */ = {
			isa = PBXSourcesBuildPhase;
			buildActionMask = 2147483647;
			files = (
				717D76F81CE4B57F00D6BDF1 /* Block_Buster.xcdatamodeld in Sources */,
				717D76F21CE4B57F00D6BDF1 /* ViewController.swift in Sources */,
				717D76F01CE4B57F00D6BDF1 /* AppDelegate.swift in Sources */,
			);
			runOnlyForDeploymentPostprocessing = 0;
		};
		717D76FF1CE4B57F00D6BDF1 /* Sources */ = {
			isa = PBXSourcesBuildPhase;
			buildActionMask = 2147483647;
			files = (
				717D77081CE4B57F00D6BDF1 /* Block_BusterTests.swift in Sources */,
			);
			runOnlyForDeploymentPostprocessing = 0;
		};
		717D770A1CE4B57F00D6BDF1 /* Sources */ = {
			isa = PBXSourcesBuildPhase;
			buildActionMask = 2147483647;
			files = (
				717D77131CE4B57F00D6BDF1 /* Block_BusterUITests.swift in Sources */,
			);
			runOnlyForDeploymentPostprocessing = 0;
		};
/* End PBXSourcesBuildPhase section */

/* Begin PBXTargetDependency section */
		717D77051CE4B57F00D6BDF1 /* PBXTargetDependency */ = {
			isa = PBXTargetDependency;
			target = 717D76EB1CE4B57F00D6BDF1 /* Block Buster */;
			targetProxy = 717D77041CE4B57F00D6BDF1 /* PBXContainerItemProxy */;
		};
		717D77101CE4B57F00D6BDF1 /* PBXTargetDependency */ = {
			isa = PBXTargetDependency;
			target = 717D76EB1CE4B57F00D6BDF1 /* Block Buster */;
			targetProxy = 717D770F1CE4B57F00D6BDF1 /* PBXContainerItemProxy */;
		};
/* End PBXTargetDependency section */

/* Begin PBXVariantGroup section */
		717D76F31CE4B57F00D6BDF1 /* Main.storyboard */ = {
			isa = PBXVariantGroup;
			children = (
				717D76F41CE4B57F00D6BDF1 /* Base */,
			);
			name = Main.storyboard;
			sourceTree = "<group>";
		};
		717D76FB1CE4B57F00D6BDF1 /* LaunchScreen.storyboard */ = {
			isa = PBXVariantGroup;
			children = (
				717D76FC1CE4B57F00D6BDF1 /* Base */,
			);
			name = LaunchScreen.storyboard;
			sourceTree = "<group>";
		};
/* End PBXVariantGroup section */

/* Begin XCBuildConfiguration section */
		717D77151CE4B57F00D6BDF1 /* Debug */ = {
			isa = XCBuildConfiguration;
			buildSettings = {
				ALWAYS_SEARCH_USER_PATHS = NO;
				CLANG_ANALYZER_NONNULL = YES;
				CLANG_CXX_LANGUAGE_STANDARD = "gnu++0x";
				CLANG_CXX_LIBRARY = "libc++";
				CLANG_ENABLE_MODULES = YES;
				CLANG_ENABLE_OBJC_ARC = YES;
				CLANG_WARN_BOOL_CONVERSION = YES;
				CLANG_WARN_CONSTANT_CONVERSION = YES;
				CLANG_WARN_DIRECT_OBJC_ISA_USAGE = YES_ERROR;
				CLANG_WARN_EMPTY_BODY = YES;
				CLANG_WARN_ENUM_CONVERSION = YES;
				CLANG_WARN_INT_CONVERSION = YES;
				CLANG_WARN_OBJC_ROOT_CLASS = YES_ERROR;
				CLANG_WARN_UNREACHABLE_CODE = YES;
				CLANG_WARN__DUPLICATE_METHOD_MATCH = YES;
				"CODE_SIGN_IDENTITY[sdk=iphoneos*]" = "iPhone Developer";
				COPY_PHASE_STRIP = NO;
				DEBUG_INFORMATION_FORMAT = dwarf;
				ENABLE_STRICT_OBJC_MSGSEND = YES;
				ENABLE_TESTABILITY = YES;
				GCC_C_LANGUAGE_STANDARD = gnu99;
				GCC_DYNAMIC_NO_PIC = NO;
				GCC_NO_COMMON_BLOCKS = YES;
				GCC_OPTIMIZATION_LEVEL = 0;
				GCC_PREPROCESSOR_DEFINITIONS = (
					"DEBUG=1",
					"$(inherited)",
				);
				GCC_WARN_64_TO_32_BIT_CONVERSION = YES;
				GCC_WARN_ABOUT_RETURN_TYPE = YES_ERROR;
				GCC_WARN_UNDECLARED_SELECTOR = YES;
				GCC_WARN_UNINITIALIZED_AUTOS = YES_AGGRESSIVE;
				GCC_WARN_UNUSED_FUNCTION = YES;
				GCC_WARN_UNUSED_VARIABLE = YES;
				IPHONEOS_DEPLOYMENT_TARGET = 9.3;
				MTL_ENABLE_DEBUG_INFO = YES;
				ONLY_ACTIVE_ARCH = YES;
				SDKROOT = iphoneos;
				SWIFT_OPTIMIZATION_LEVEL = "-Onone";
				TARGETED_DEVICE_FAMILY = "1,2";
			};
			name = Debug;
		};
		717D77161CE4B57F00D6BDF1 /* Release */ = {
			isa = XCBuildConfiguration;
			buildSettings = {
				ALWAYS_SEARCH_USER_PATHS = NO;
				CLANG_ANALYZER_NONNULL = YES;
				CLANG_CXX_LANGUAGE_STANDARD = "gnu++0x";
				CLANG_CXX_LIBRARY = "libc++";
				CLANG_ENABLE_MODULES = YES;
				CLANG_ENABLE_OBJC_ARC = YES;
				CLANG_WARN_BOOL_CONVERSION = YES;
				CLANG_WARN_CONSTANT_CONVERSION = YES;
				CLANG_WARN_DIRECT_OBJC_ISA_USAGE = YES_ERROR;
				CLANG_WARN_EMPTY_BODY = YES;
				CLANG_WARN_ENUM_CONVERSION = YES;
				CLANG_WARN_INT_CONVERSION = YES;
				CLANG_WARN_OBJC_ROOT_CLASS = YES_ERROR;
				CLANG_WARN_UNREACHABLE_CODE = YES;
				CLANG_WARN__DUPLICATE_METHOD_MATCH = YES;
				"CODE_SIGN_IDENTITY[sdk=iphoneos*]" = "iPhone Developer";
				COPY_PHASE_STRIP = NO;
				DEBUG_INFORMATION_FORMAT = "dwarf-with-dsym";
				ENABLE_NS_ASSERTIONS = NO;
				ENABLE_STRICT_OBJC_MSGSEND = YES;
				GCC_C_LANGUAGE_STANDARD = gnu99;
				GCC_NO_COMMON_BLOCKS = YES;
				GCC_WARN_64_TO_32_BIT_CONVERSION = YES;
				GCC_WARN_ABOUT_RETURN_TYPE = YES_ERROR;
				GCC_WARN_UNDECLARED_SELECTOR = YES;
				GCC_WARN_UNINITIALIZED_AUTOS = YES_AGGRESSIVE;
				GCC_WARN_UNUSED_FUNCTION = YES;
				GCC_WARN_UNUSED_VARIABLE = YES;
				IPHONEOS_DEPLOYMENT_TARGET = 9.3;
				MTL_ENABLE_DEBUG_INFO = NO;
				SDKROOT = iphoneos;
				TARGETED_DEVICE_FAMILY = "1,2";
				VALIDATE_PRODUCT = YES;
			};
			name = Release;
		};
		717D77181CE4B57F00D6BDF1 /* Debug */ = {
			isa = XCBuildConfiguration;
			buildSettings = {
				ASSETCATALOG_COMPILER_APPICON_NAME = AppIcon;
				INFOPLIST_FILE = "Block Buster/Info.plist";
				LD_RUNPATH_SEARCH_PATHS = "$(inherited) @executable_path/Frameworks";
				PRODUCT_BUNDLE_IDENTIFIER = "MDI.Block-Buster";
				PRODUCT_NAME = "$(TARGET_NAME)";
			};
			name = Debug;
		};
		717D77191CE4B57F00D6BDF1 /* Release */ = {
			isa = XCBuildConfiguration;
			buildSettings = {
				ASSETCATALOG_COMPILER_APPICON_NAME = AppIcon;
				INFOPLIST_FILE = "Block Buster/Info.plist";
				LD_RUNPATH_SEARCH_PATHS = "$(inherited) @executable_path/Frameworks";
				PRODUCT_BUNDLE_IDENTIFIER = "MDI.Block-Buster";
				PRODUCT_NAME = "$(TARGET_NAME)";
			};
			name = Release;
		};
		717D771B1CE4B57F00D6BDF1 /* Debug */ = {
			isa = XCBuildConfiguration;
			buildSettings = {
				BUNDLE_LOADER = "$(TEST_HOST)";
				INFOPLIST_FILE = "Block BusterTests/Info.plist";
				LD_RUNPATH_SEARCH_PATHS = "$(inherited) @executable_path/Frameworks @loader_path/Frameworks";
				PRODUCT_BUNDLE_IDENTIFIER = "MDI.Block-BusterTests";
				PRODUCT_NAME = "$(TARGET_NAME)";
				TEST_HOST = "$(BUILT_PRODUCTS_DIR)/Block Buster.app/Block Buster";
			};
			name = Debug;
		};
		717D771C1CE4B57F00D6BDF1 /* Release */ = {
			isa = XCBuildConfiguration;
			buildSettings = {
				BUNDLE_LOADER = "$(TEST_HOST)";
				INFOPLIST_FILE = "Block BusterTests/Info.plist";
				LD_RUNPATH_SEARCH_PATHS = "$(inherited) @executable_path/Frameworks @loader_path/Frameworks";
				PRODUCT_BUNDLE_IDENTIFIER = "MDI.Block-BusterTests";
				PRODUCT_NAME = "$(TARGET_NAME)";
				TEST_HOST = "$(BUILT_PRODUCTS_DIR)/Block Buster.app/Block Buster";
			};
			name = Release;
		};
		717D771E1CE4B57F00D6BDF1 /* Debug */ = {
			isa = XCBuildConfiguration;
			buildSettings = {
				INFOPLIST_FILE = "Block BusterUITests/Info.plist";
				LD_RUNPATH_SEARCH_PATHS = "$(inherited) @executable_path/Frameworks @loader_path/Frameworks";
				PRODUCT_BUNDLE_IDENTIFIER = "MDI.Block-BusterUITests";
				PRODUCT_NAME = "$(TARGET_NAME)";
				TEST_TARGET_NAME = "Block Buster";
			};
			name = Debug;
		};
		717D771F1CE4B57F00D6BDF1 /* Release */ = {
			isa = XCBuildConfiguration;
			buildSettings = {
				INFOPLIST_FILE = "Block BusterUITests/Info.plist";
				LD_RUNPATH_SEARCH_PATHS = "$(inherited) @executable_path/Frameworks @loader_path/Frameworks";
				PRODUCT_BUNDLE_IDENTIFIER = "MDI.Block-BusterUITests";
				PRODUCT_NAME = "$(TARGET_NAME)";
				TEST_TARGET_NAME = "Block Buster";
			};
			name = Release;
		};
/* End XCBuildConfiguration section */

/* Begin XCConfigurationList section */
		717D76E71CE4B57F00D6BDF1 /* Build configuration list for PBXProject "Block Buster" */ = {
			isa = XCConfigurationList;
			buildConfigurations = (
				717D77151CE4B57F00D6BDF1 /* Debug */,
				717D77161CE4B57F00D6BDF1 /* Release */,
			);
			defaultConfigurationIsVisible = 0;
			defaultConfigurationName = Release;
		};
		717D77171CE4B57F00D6BDF1 /* Build configuration list for PBXNativeTarget "Block Buster" */ = {
			isa = XCConfigurationList;
			buildConfigurations = (
				717D77181CE4B57F00D6BDF1 /* Debug */,
				717D77191CE4B57F00D6BDF1 /* Release */,
			);
			defaultConfigurationIsVisible = 0;
		};
		717D771A1CE4B57F00D6BDF1 /* Build configuration list for PBXNativeTarget "Block BusterTests" */ = {
			isa = XCConfigurationList;
			buildConfigurations = (
				717D771B1CE4B57F00D6BDF1 /* Debug */,
				717D771C1CE4B57F00D6BDF1 /* Release */,
			);
			defaultConfigurationIsVisible = 0;
		};
		717D771D1CE4B57F00D6BDF1 /* Build configuration list for PBXNativeTarget "Block BusterUITests" */ = {
			isa = XCConfigurationList;
			buildConfigurations = (
				717D771E1CE4B57F00D6BDF1 /* Debug */,
				717D771F1CE4B57F00D6BDF1 /* Release */,
			);
			defaultConfigurationIsVisible = 0;
		};
/* End XCConfigurationList section */

/* Begin XCVersionGroup section */
		717D76F61CE4B57F00D6BDF1 /* Block_Buster.xcdatamodeld */ = {
			isa = XCVersionGroup;
			children = (
				717D76F71CE4B57F00D6BDF1 /* Block_Buster.xcdatamodel */,
			);
			currentVersion = 717D76F71CE4B57F00D6BDF1 /* Block_Buster.xcdatamodel */;
			path = Block_Buster.xcdatamodeld;
			sourceTree = "<group>";
			versionGroupType = wrapper.xcdatamodel;
		};
/* End XCVersionGroup section */
	};
	rootObject = 717D76E41CE4B57F00D6BDF1 /* Project object */;
}
